
Microsoft Visual Studio Solution File, Format Version 12.00
# Visual Studio Version 17
VisualStudioVersion = 17.4.33205.214
MinimumVisualStudioVersion = 10.0.40219.1
Project("{9A19103F-16F7-4668-BE54-9A1E7A4F7556}") = "ProjetoValidacao.API", "ProjetoValidacao\ProjetoValidacao.API.csproj", "{F8CE6E4B-8FD5-4906-9D51-72785A32AD07}"
EndProject
Project("{9A19103F-16F7-4668-BE54-9A1E7A4F7556}") = "ProjetoValidacao.Teste", "ProjetoValidacao.Teste\ProjetoValidacao.Teste.csproj", "{6B65204C-FE0F-4D9F-BD2A-12EC6AE813E0}"
EndProject
Project("{9A19103F-16F7-4668-BE54-9A1E7A4F7556}") = "ProjetoValidacao.Web", "ProjetoValidacao.Web\ProjetoValidacao.Web.csproj", "{154952BA-E5EA-4FE9-ACFC-F0FE6A139B03}"
EndProject
Global
	GlobalSection(SolutionConfigurationPlatforms) = preSolution
		Debug|Any CPU = Debug|Any CPU
		Release|Any CPU = Release|Any CPU
	EndGlobalSection
	GlobalSection(ProjectConfigurationPlatforms) = postSolution
		{F8CE6E4B-8FD5-4906-9D51-72785A32AD07}.Debug|Any CPU.ActiveCfg = Debug|Any CPU
		{F8CE6E4B-8FD5-4906-9D51-72785A32AD07}.Debug|Any CPU.Build.0 = Debug|Any CPU
		{F8CE6E4B-8FD5-4906-9D51-72785A32AD07}.Release|Any CPU.ActiveCfg = Release|Any CPU
		{F8CE6E4B-8FD5-4906-9D51-72785A32AD07}.Release|Any CPU.Build.0 = Release|Any CPU
		{6B65204C-FE0F-4D9F-BD2A-12EC6AE813E0}.Debug|Any CPU.ActiveCfg = Debug|Any CPU
		{6B65204C-FE0F-4D9F-BD2A-12EC6AE813E0}.Debug|Any CPU.Build.0 = Debug|Any CPU
		{6B65204C-FE0F-4D9F-BD2A-12EC6AE813E0}.Release|Any CPU.ActiveCfg = Release|Any CPU
		{6B65204C-FE0F-4D9F-BD2A-12EC6AE813E0}.Release|Any CPU.Build.0 = Release|Any CPU
		{154952BA-E5EA-4FE9-ACFC-F0FE6A139B03}.Debug|Any CPU.ActiveCfg = Debug|Any CPU
		{154952BA-E5EA-4FE9-ACFC-F0FE6A139B03}.Debug|Any CPU.Build.0 = Debug|Any CPU
		{154952BA-E5EA-4FE9-ACFC-F0FE6A139B03}.Release|Any CPU.ActiveCfg = Release|Any CPU
		{154952BA-E5EA-4FE9-ACFC-F0FE6A139B03}.Release|Any CPU.Build.0 = Release|Any CPU
	EndGlobalSection
	GlobalSection(SolutionProperties) = preSolution
		HideSolutionNode = FALSE
	EndGlobalSection
	GlobalSection(ExtensibilityGlobals) = postSolution
		SolutionGuid = {349A0A21-5B3B-492B-8F2B-60F4425A8188}
	EndGlobalSection
EndGlobal
